
Microsoft Visual Studio Solution File, Format Version 12.00
# Visual Studio 15
VisualStudioVersion = 15.0.27703.2026
MinimumVisualStudioVersion = 10.0.40219.1
Project("{FAE04EC0-301F-11D3-BF4B-00C04F79EFBC}") = "School_Meal", "School_Meal\School_Meal.csproj", "{63E3BA6A-3FEF-4985-8A08-12CC7FCBCD5F}"
EndProject
Project("{FAE04EC0-301F-11D3-BF4B-00C04F79EFBC}") = "School_Meal (Win 7)", "School_Meal (Win 7)\School_Meal (Win 7).csproj", "{C17D0AAB-C6C0-4CEF-ACE3-6B9953BBB5F2}"
EndProject
Project("{FAE04EC0-301F-11D3-BF4B-00C04F79EFBC}") = "School_Meal_Mobile.Android", "School_Meal_Mobile\School_Meal_Mobile.Android\School_Meal_Mobile.Android.csproj", "{0A36E7E6-20B1-44C2-AC7F-BF06DF710987}"
EndProject
Project("{FAE04EC0-301F-11D3-BF4B-00C04F79EFBC}") = "School_Meal_Mobile.iOS", "School_Meal_Mobile\School_Meal_Mobile.iOS\School_Meal_Mobile.iOS.csproj", "{2BBE619E-17EE-40C7-90E4-440EA6EC2352}"
EndProject
Project("{D954291E-2A0B-460D-934E-DC6B0785DB48}") = "School_Meal_Mobile", "School_Meal_Mobile\School_Meal_Mobile\School_Meal_Mobile.shproj", "{8DD914FB-DC28-432F-95D4-F008B7479EC2}"
EndProject
Project("{2150E333-8FDC-42A3-9474-1A3956D46DE8}") = "Solution Items", "Solution Items", "{AA867319-FBEE-4B60-B71B-0893B9BF7563}"
	ProjectSection(SolutionItems) = preProject
		.travis.yml = .travis.yml
	EndProjectSection
EndProject
Global
	GlobalSection(SharedMSBuildProjectFiles) = preSolution
		School_Meal_Mobile\School_Meal_Mobile\School_Meal_Mobile.projitems*{0a36e7e6-20b1-44c2-ac7f-bf06df710987}*SharedItemsImports = 4
		School_Meal_Mobile\School_Meal_Mobile\School_Meal_Mobile.projitems*{2bbe619e-17ee-40c7-90e4-440ea6ec2352}*SharedItemsImports = 4
		School_Meal_Mobile\School_Meal_Mobile\School_Meal_Mobile.projitems*{8dd914fb-dc28-432f-95d4-f008b7479ec2}*SharedItemsImports = 13
	EndGlobalSection
	GlobalSection(SolutionConfigurationPlatforms) = preSolution
		Ad-Hoc|Any CPU = Ad-Hoc|Any CPU
		Ad-Hoc|ARM = Ad-Hoc|ARM
		Ad-Hoc|iPhone = Ad-Hoc|iPhone
		Ad-Hoc|iPhoneSimulator = Ad-Hoc|iPhoneSimulator
		Ad-Hoc|x64 = Ad-Hoc|x64
		Ad-Hoc|x86 = Ad-Hoc|x86
		AppStore|Any CPU = AppStore|Any CPU
		AppStore|ARM = AppStore|ARM
		AppStore|iPhone = AppStore|iPhone
		AppStore|iPhoneSimulator = AppStore|iPhoneSimulator
		AppStore|x64 = AppStore|x64
		AppStore|x86 = AppStore|x86
		Debug|Any CPU = Debug|Any CPU
		Debug|ARM = Debug|ARM
		Debug|iPhone = Debug|iPhone
		Debug|iPhoneSimulator = Debug|iPhoneSimulator
		Debug|x64 = Debug|x64
		Debug|x86 = Debug|x86
		Release|Any CPU = Release|Any CPU
		Release|ARM = Release|ARM
		Release|iPhone = Release|iPhone
		Release|iPhoneSimulator = Release|iPhoneSimulator
		Release|x64 = Release|x64
		Release|x86 = Release|x86
	EndGlobalSection
	GlobalSection(ProjectConfigurationPlatforms) = postSolution
		{63E3BA6A-3FEF-4985-8A08-12CC7FCBCD5F}.Ad-Hoc|Any CPU.ActiveCfg = Release|x64
		{63E3BA6A-3FEF-4985-8A08-12CC7FCBCD5F}.Ad-Hoc|Any CPU.Build.0 = Release|x64
		{63E3BA6A-3FEF-4985-8A08-12CC7FCBCD5F}.Ad-Hoc|Any CPU.Deploy.0 = Release|x64
		{63E3BA6A-3FEF-4985-8A08-12CC7FCBCD5F}.Ad-Hoc|ARM.ActiveCfg = Release|ARM
		{63E3BA6A-3FEF-4985-8A08-12CC7FCBCD5F}.Ad-Hoc|ARM.Build.0 = Release|ARM
		{63E3BA6A-3FEF-4985-8A08-12CC7FCBCD5F}.Ad-Hoc|ARM.Deploy.0 = Release|ARM
		{63E3BA6A-3FEF-4985-8A08-12CC7FCBCD5F}.Ad-Hoc|iPhone.ActiveCfg = Release|x64
		{63E3BA6A-3FEF-4985-8A08-12CC7FCBCD5F}.Ad-Hoc|iPhone.Build.0 = Release|x64
		{63E3BA6A-3FEF-4985-8A08-12CC7FCBCD5F}.Ad-Hoc|iPhone.Deploy.0 = Release|x64
		{63E3BA6A-3FEF-4985-8A08-12CC7FCBCD5F}.Ad-Hoc|iPhoneSimulator.ActiveCfg = Release|x64
		{63E3BA6A-3FEF-4985-8A08-12CC7FCBCD5F}.Ad-Hoc|iPhoneSimulator.Build.0 = Release|x64
		{63E3BA6A-3FEF-4985-8A08-12CC7FCBCD5F}.Ad-Hoc|iPhoneSimulator.Deploy.0 = Release|x64
		{63E3BA6A-3FEF-4985-8A08-12CC7FCBCD5F}.Ad-Hoc|x64.ActiveCfg = Release|x64
		{63E3BA6A-3FEF-4985-8A08-12CC7FCBCD5F}.Ad-Hoc|x64.Build.0 = Release|x64
		{63E3BA6A-3FEF-4985-8A08-12CC7FCBCD5F}.Ad-Hoc|x64.Deploy.0 = Release|x64
		{63E3BA6A-3FEF-4985-8A08-12CC7FCBCD5F}.Ad-Hoc|x86.ActiveCfg = Release|x86
		{63E3BA6A-3FEF-4985-8A08-12CC7FCBCD5F}.Ad-Hoc|x86.Build.0 = Release|x86
		{63E3BA6A-3FEF-4985-8A08-12CC7FCBCD5F}.Ad-Hoc|x86.Deploy.0 = Release|x86
		{63E3BA6A-3FEF-4985-8A08-12CC7FCBCD5F}.AppStore|Any CPU.ActiveCfg = Release|x64
		{63E3BA6A-3FEF-4985-8A08-12CC7FCBCD5F}.AppStore|Any CPU.Build.0 = Release|x64
		{63E3BA6A-3FEF-4985-8A08-12CC7FCBCD5F}.AppStore|Any CPU.Deploy.0 = Release|x64
		{63E3BA6A-3FEF-4985-8A08-12CC7FCBCD5F}.AppStore|ARM.ActiveCfg = Release|ARM
		{63E3BA6A-3FEF-4985-8A08-12CC7FCBCD5F}.AppStore|ARM.Build.0 = Release|ARM
		{63E3BA6A-3FEF-4985-8A08-12CC7FCBCD5F}.AppStore|ARM.Deploy.0 = Release|ARM
		{63E3BA6A-3FEF-4985-8A08-12CC7FCBCD5F}.AppStore|iPhone.ActiveCfg = Release|x64
		{63E3BA6A-3FEF-4985-8A08-12CC7FCBCD5F}.AppStore|iPhone.Build.0 = Release|x64
		{63E3BA6A-3FEF-4985-8A08-12CC7FCBCD5F}.AppStore|iPhone.Deploy.0 = Release|x64
		{63E3BA6A-3FEF-4985-8A08-12CC7FCBCD5F}.AppStore|iPhoneSimulator.ActiveCfg = Release|x64
		{63E3BA6A-3FEF-4985-8A08-12CC7FCBCD5F}.AppStore|iPhoneSimulator.Build.0 = Release|x64
		{63E3BA6A-3FEF-4985-8A08-12CC7FCBCD5F}.AppStore|iPhoneSimulator.Deploy.0 = Release|x64
		{63E3BA6A-3FEF-4985-8A08-12CC7FCBCD5F}.AppStore|x64.ActiveCfg = Release|x64
		{63E3BA6A-3FEF-4985-8A08-12CC7FCBCD5F}.AppStore|x64.Build.0 = Release|x64
		{63E3BA6A-3FEF-4985-8A08-12CC7FCBCD5F}.AppStore|x64.Deploy.0 = Release|x64
		{63E3BA6A-3FEF-4985-8A08-12CC7FCBCD5F}.AppStore|x86.ActiveCfg = Release|x86
		{63E3BA6A-3FEF-4985-8A08-12CC7FCBCD5F}.AppStore|x86.Build.0 = Release|x86
		{63E3BA6A-3FEF-4985-8A08-12CC7FCBCD5F}.AppStore|x86.Deploy.0 = Release|x86
		{63E3BA6A-3FEF-4985-8A08-12CC7FCBCD5F}.Debug|Any CPU.ActiveCfg = Debug|x86
		{63E3BA6A-3FEF-4985-8A08-12CC7FCBCD5F}.Debug|ARM.ActiveCfg = Debug|ARM
		{63E3BA6A-3FEF-4985-8A08-12CC7FCBCD5F}.Debug|ARM.Build.0 = Debug|ARM
		{63E3BA6A-3FEF-4985-8A08-12CC7FCBCD5F}.Debug|ARM.Deploy.0 = Debug|ARM
		{63E3BA6A-3FEF-4985-8A08-12CC7FCBCD5F}.Debug|iPhone.ActiveCfg = Debug|x86
		{63E3BA6A-3FEF-4985-8A08-12CC7FCBCD5F}.Debug|iPhoneSimulator.ActiveCfg = Debug|x86
		{63E3BA6A-3FEF-4985-8A08-12CC7FCBCD5F}.Debug|x64.ActiveCfg = Debug|x64
		{63E3BA6A-3FEF-4985-8A08-12CC7FCBCD5F}.Debug|x64.Build.0 = Debug|x64
		{63E3BA6A-3FEF-4985-8A08-12CC7FCBCD5F}.Debug|x64.Deploy.0 = Debug|x64
		{63E3BA6A-3FEF-4985-8A08-12CC7FCBCD5F}.Debug|x86.ActiveCfg = Debug|x86
		{63E3BA6A-3FEF-4985-8A08-12CC7FCBCD5F}.Debug|x86.Build.0 = Debug|x86
		{63E3BA6A-3FEF-4985-8A08-12CC7FCBCD5F}.Debug|x86.Deploy.0 = Debug|x86
		{63E3BA6A-3FEF-4985-8A08-12CC7FCBCD5F}.Release|Any CPU.ActiveCfg = Release|x86
		{63E3BA6A-3FEF-4985-8A08-12CC7FCBCD5F}.Release|ARM.ActiveCfg = Release|ARM
		{63E3BA6A-3FEF-4985-8A08-12CC7FCBCD5F}.Release|ARM.Build.0 = Release|ARM
		{63E3BA6A-3FEF-4985-8A08-12CC7FCBCD5F}.Release|ARM.Deploy.0 = Release|ARM
		{63E3BA6A-3FEF-4985-8A08-12CC7FCBCD5F}.Release|iPhone.ActiveCfg = Release|x86
		{63E3BA6A-3FEF-4985-8A08-12CC7FCBCD5F}.Release|iPhoneSimulator.ActiveCfg = Release|x86
		{63E3BA6A-3FEF-4985-8A08-12CC7FCBCD5F}.Release|x64.ActiveCfg = Release|x64
		{63E3BA6A-3FEF-4985-8A08-12CC7FCBCD5F}.Release|x64.Build.0 = Release|x64
		{63E3BA6A-3FEF-4985-8A08-12CC7FCBCD5F}.Release|x64.Deploy.0 = Release|x64
		{63E3BA6A-3FEF-4985-8A08-12CC7FCBCD5F}.Release|x86.ActiveCfg = Release|x86
		{63E3BA6A-3FEF-4985-8A08-12CC7FCBCD5F}.Release|x86.Build.0 = Release|x86
		{63E3BA6A-3FEF-4985-8A08-12CC7FCBCD5F}.Release|x86.Deploy.0 = Release|x86
		{C17D0AAB-C6C0-4CEF-ACE3-6B9953BBB5F2}.Ad-Hoc|Any CPU.ActiveCfg = Release|Any CPU
		{C17D0AAB-C6C0-4CEF-ACE3-6B9953BBB5F2}.Ad-Hoc|Any CPU.Build.0 = Release|Any CPU
		{C17D0AAB-C6C0-4CEF-ACE3-6B9953BBB5F2}.Ad-Hoc|ARM.ActiveCfg = Release|Any CPU
		{C17D0AAB-C6C0-4CEF-ACE3-6B9953BBB5F2}.Ad-Hoc|ARM.Build.0 = Release|Any CPU
		{C17D0AAB-C6C0-4CEF-ACE3-6B9953BBB5F2}.Ad-Hoc|iPhone.ActiveCfg = Release|Any CPU
		{C17D0AAB-C6C0-4CEF-ACE3-6B9953BBB5F2}.Ad-Hoc|iPhone.Build.0 = Release|Any CPU
		{C17D0AAB-C6C0-4CEF-ACE3-6B9953BBB5F2}.Ad-Hoc|iPhoneSimulator.ActiveCfg = Release|Any CPU
		{C17D0AAB-C6C0-4CEF-ACE3-6B9953BBB5F2}.Ad-Hoc|iPhoneSimulator.Build.0 = Release|Any CPU
		{C17D0AAB-C6C0-4CEF-ACE3-6B9953BBB5F2}.Ad-Hoc|x64.ActiveCfg = Release|Any CPU
		{C17D0AAB-C6C0-4CEF-ACE3-6B9953BBB5F2}.Ad-Hoc|x64.Build.0 = Release|Any CPU
		{C17D0AAB-C6C0-4CEF-ACE3-6B9953BBB5F2}.Ad-Hoc|x86.ActiveCfg = Release|Any CPU
		{C17D0AAB-C6C0-4CEF-ACE3-6B9953BBB5F2}.Ad-Hoc|x86.Build.0 = Release|Any CPU
		{C17D0AAB-C6C0-4CEF-ACE3-6B9953BBB5F2}.AppStore|Any CPU.ActiveCfg = Release|Any CPU
		{C17D0AAB-C6C0-4CEF-ACE3-6B9953BBB5F2}.AppStore|Any CPU.Build.0 = Release|Any CPU
		{C17D0AAB-C6C0-4CEF-ACE3-6B9953BBB5F2}.AppStore|ARM.ActiveCfg = Release|Any CPU
		{C17D0AAB-C6C0-4CEF-ACE3-6B9953BBB5F2}.AppStore|ARM.Build.0 = Release|Any CPU
		{C17D0AAB-C6C0-4CEF-ACE3-6B9953BBB5F2}.AppStore|iPhone.ActiveCfg = Release|Any CPU
		{C17D0AAB-C6C0-4CEF-ACE3-6B9953BBB5F2}.AppStore|iPhone.Build.0 = Release|Any CPU
		{C17D0AAB-C6C0-4CEF-ACE3-6B9953BBB5F2}.AppStore|iPhoneSimulator.ActiveCfg = Release|Any CPU
		{C17D0AAB-C6C0-4CEF-ACE3-6B9953BBB5F2}.AppStore|iPhoneSimulator.Build.0 = Release|Any CPU
		{C17D0AAB-C6C0-4CEF-ACE3-6B9953BBB5F2}.AppStore|x64.ActiveCfg = Release|Any CPU
		{C17D0AAB-C6C0-4CEF-ACE3-6B9953BBB5F2}.AppStore|x64.Build.0 = Release|Any CPU
		{C17D0AAB-C6C0-4CEF-ACE3-6B9953BBB5F2}.AppStore|x86.ActiveCfg = Release|Any CPU
		{C17D0AAB-C6C0-4CEF-ACE3-6B9953BBB5F2}.AppStore|x86.Build.0 = Release|Any CPU
		{C17D0AAB-C6C0-4CEF-ACE3-6B9953BBB5F2}.Debug|Any CPU.ActiveCfg = Debug|Any CPU
		{C17D0AAB-C6C0-4CEF-ACE3-6B9953BBB5F2}.Debug|Any CPU.Build.0 = Debug|Any CPU
		{C17D0AAB-C6C0-4CEF-ACE3-6B9953BBB5F2}.Debug|ARM.ActiveCfg = Debug|Any CPU
		{C17D0AAB-C6C0-4CEF-ACE3-6B9953BBB5F2}.Debug|ARM.Build.0 = Debug|Any CPU
		{C17D0AAB-C6C0-4CEF-ACE3-6B9953BBB5F2}.Debug|iPhone.ActiveCfg = Debug|Any CPU
		{C17D0AAB-C6C0-4CEF-ACE3-6B9953BBB5F2}.Debug|iPhone.Build.0 = Debug|Any CPU
		{C17D0AAB-C6C0-4CEF-ACE3-6B9953BBB5F2}.Debug|iPhoneSimulator.ActiveCfg = Debug|Any CPU
		{C17D0AAB-C6C0-4CEF-ACE3-6B9953BBB5F2}.Debug|iPhoneSimulator.Build.0 = Debug|Any CPU
		{C17D0AAB-C6C0-4CEF-ACE3-6B9953BBB5F2}.Debug|x64.ActiveCfg = Debug|Any CPU
		{C17D0AAB-C6C0-4CEF-ACE3-6B9953BBB5F2}.Debug|x64.Build.0 = Debug|Any CPU
		{C17D0AAB-C6C0-4CEF-ACE3-6B9953BBB5F2}.Debug|x86.ActiveCfg = Debug|Any CPU
		{C17D0AAB-C6C0-4CEF-ACE3-6B9953BBB5F2}.Debug|x86.Build.0 = Debug|Any CPU
		{C17D0AAB-C6C0-4CEF-ACE3-6B9953BBB5F2}.Release|Any CPU.ActiveCfg = Release|Any CPU
		{C17D0AAB-C6C0-4CEF-ACE3-6B9953BBB5F2}.Release|Any CPU.Build.0 = Release|Any CPU
		{C17D0AAB-C6C0-4CEF-ACE3-6B9953BBB5F2}.Release|ARM.ActiveCfg = Release|Any CPU
		{C17D0AAB-C6C0-4CEF-ACE3-6B9953BBB5F2}.Release|ARM.Build.0 = Release|Any CPU
		{C17D0AAB-C6C0-4CEF-ACE3-6B9953BBB5F2}.Release|iPhone.ActiveCfg = Release|Any CPU
		{C17D0AAB-C6C0-4CEF-ACE3-6B9953BBB5F2}.Release|iPhone.Build.0 = Release|Any CPU
		{C17D0AAB-C6C0-4CEF-ACE3-6B9953BBB5F2}.Release|iPhoneSimulator.ActiveCfg = Release|Any CPU
		{C17D0AAB-C6C0-4CEF-ACE3-6B9953BBB5F2}.Release|iPhoneSimulator.Build.0 = Release|Any CPU
		{C17D0AAB-C6C0-4CEF-ACE3-6B9953BBB5F2}.Release|x64.ActiveCfg = Release|Any CPU
		{C17D0AAB-C6C0-4CEF-ACE3-6B9953BBB5F2}.Release|x64.Build.0 = Release|Any CPU
		{C17D0AAB-C6C0-4CEF-ACE3-6B9953BBB5F2}.Release|x86.ActiveCfg = Release|Any CPU
		{C17D0AAB-C6C0-4CEF-ACE3-6B9953BBB5F2}.Release|x86.Build.0 = Release|Any CPU
		{0A36E7E6-20B1-44C2-AC7F-BF06DF710987}.Ad-Hoc|Any CPU.ActiveCfg = Release|Any CPU
		{0A36E7E6-20B1-44C2-AC7F-BF06DF710987}.Ad-Hoc|Any CPU.Build.0 = Release|Any CPU
		{0A36E7E6-20B1-44C2-AC7F-BF06DF710987}.Ad-Hoc|Any CPU.Deploy.0 = Release|Any CPU
		{0A36E7E6-20B1-44C2-AC7F-BF06DF710987}.Ad-Hoc|ARM.ActiveCfg = Release|Any CPU
		{0A36E7E6-20B1-44C2-AC7F-BF06DF710987}.Ad-Hoc|ARM.Build.0 = Release|Any CPU
		{0A36E7E6-20B1-44C2-AC7F-BF06DF710987}.Ad-Hoc|ARM.Deploy.0 = Release|Any CPU
		{0A36E7E6-20B1-44C2-AC7F-BF06DF710987}.Ad-Hoc|iPhone.ActiveCfg = Release|Any CPU
		{0A36E7E6-20B1-44C2-AC7F-BF06DF710987}.Ad-Hoc|iPhone.Build.0 = Release|Any CPU
		{0A36E7E6-20B1-44C2-AC7F-BF06DF710987}.Ad-Hoc|iPhone.Deploy.0 = Release|Any CPU
		{0A36E7E6-20B1-44C2-AC7F-BF06DF710987}.Ad-Hoc|iPhoneSimulator.ActiveCfg = Release|Any CPU
		{0A36E7E6-20B1-44C2-AC7F-BF06DF710987}.Ad-Hoc|iPhoneSimulator.Build.0 = Release|Any CPU
		{0A36E7E6-20B1-44C2-AC7F-BF06DF710987}.Ad-Hoc|iPhoneSimulator.Deploy.0 = Release|Any CPU
		{0A36E7E6-20B1-44C2-AC7F-BF06DF710987}.Ad-Hoc|x64.ActiveCfg = Release|Any CPU
		{0A36E7E6-20B1-44C2-AC7F-BF06DF710987}.Ad-Hoc|x64.Build.0 = Release|Any CPU
		{0A36E7E6-20B1-44C2-AC7F-BF06DF710987}.Ad-Hoc|x64.Deploy.0 = Release|Any CPU
		{0A36E7E6-20B1-44C2-AC7F-BF06DF710987}.Ad-Hoc|x86.ActiveCfg = Release|Any CPU
		{0A36E7E6-20B1-44C2-AC7F-BF06DF710987}.Ad-Hoc|x86.Build.0 = Release|Any CPU
		{0A36E7E6-20B1-44C2-AC7F-BF06DF710987}.Ad-Hoc|x86.Deploy.0 = Release|Any CPU
		{0A36E7E6-20B1-44C2-AC7F-BF06DF710987}.AppStore|Any CPU.ActiveCfg = Release|Any CPU
		{0A36E7E6-20B1-44C2-AC7F-BF06DF710987}.AppStore|Any CPU.Build.0 = Release|Any CPU
		{0A36E7E6-20B1-44C2-AC7F-BF06DF710987}.AppStore|Any CPU.Deploy.0 = Release|Any CPU
		{0A36E7E6-20B1-44C2-AC7F-BF06DF710987}.AppStore|ARM.ActiveCfg = Release|Any CPU
		{0A36E7E6-20B1-44C2-AC7F-BF06DF710987}.AppStore|ARM.Build.0 = Release|Any CPU
		{0A36E7E6-20B1-44C2-AC7F-BF06DF710987}.AppStore|ARM.Deploy.0 = Release|Any CPU
		{0A36E7E6-20B1-44C2-AC7F-BF06DF710987}.AppStore|iPhone.ActiveCfg = Release|Any CPU
		{0A36E7E6-20B1-44C2-AC7F-BF06DF710987}.AppStore|iPhone.Build.0 = Release|Any CPU
		{0A36E7E6-20B1-44C2-AC7F-BF06DF710987}.AppStore|iPhone.Deploy.0 = Release|Any CPU
		{0A36E7E6-20B1-44C2-AC7F-BF06DF710987}.AppStore|iPhoneSimulator.ActiveCfg = Release|Any CPU
		{0A36E7E6-20B1-44C2-AC7F-BF06DF710987}.AppStore|iPhoneSimulator.Build.0 = Release|Any CPU
		{0A36E7E6-20B1-44C2-AC7F-BF06DF710987}.AppStore|iPhoneSimulator.Deploy.0 = Release|Any CPU
		{0A36E7E6-20B1-44C2-AC7F-BF06DF710987}.AppStore|x64.ActiveCfg = Release|Any CPU
		{0A36E7E6-20B1-44C2-AC7F-BF06DF710987}.AppStore|x64.Build.0 = Release|Any CPU
		{0A36E7E6-20B1-44C2-AC7F-BF06DF710987}.AppStore|x64.Deploy.0 = Release|Any CPU
		{0A36E7E6-20B1-44C2-AC7F-BF06DF710987}.AppStore|x86.ActiveCfg = Release|Any CPU
		{0A36E7E6-20B1-44C2-AC7F-BF06DF710987}.AppStore|x86.Build.0 = Release|Any CPU
		{0A36E7E6-20B1-44C2-AC7F-BF06DF710987}.AppStore|x86.Deploy.0 = Release|Any CPU
		{0A36E7E6-20B1-44C2-AC7F-BF06DF710987}.Debug|Any CPU.ActiveCfg = Debug|Any CPU
		{0A36E7E6-20B1-44C2-AC7F-BF06DF710987}.Debug|Any CPU.Build.0 = Debug|Any CPU
		{0A36E7E6-20B1-44C2-AC7F-BF06DF710987}.Debug|Any CPU.Deploy.0 = Debug|Any CPU
		{0A36E7E6-20B1-44C2-AC7F-BF06DF710987}.Debug|ARM.ActiveCfg = Debug|Any CPU
		{0A36E7E6-20B1-44C2-AC7F-BF06DF710987}.Debug|ARM.Build.0 = Debug|Any CPU
		{0A36E7E6-20B1-44C2-AC7F-BF06DF710987}.Debug|ARM.Deploy.0 = Debug|Any CPU
		{0A36E7E6-20B1-44C2-AC7F-BF06DF710987}.Debug|iPhone.ActiveCfg = Debug|Any CPU
		{0A36E7E6-20B1-44C2-AC7F-BF06DF710987}.Debug|iPhone.Build.0 = Debug|Any CPU
		{0A36E7E6-20B1-44C2-AC7F-BF06DF710987}.Debug|iPhone.Deploy.0 = Debug|Any CPU
		{0A36E7E6-20B1-44C2-AC7F-BF06DF710987}.Debug|iPhoneSimulator.ActiveCfg = Debug|Any CPU
		{0A36E7E6-20B1-44C2-AC7F-BF06DF710987}.Debug|iPhoneSimulator.Build.0 = Debug|Any CPU
		{0A36E7E6-20B1-44C2-AC7F-BF06DF710987}.Debug|iPhoneSimulator.Deploy.0 = Debug|Any CPU
		{0A36E7E6-20B1-44C2-AC7F-BF06DF710987}.Debug|x64.ActiveCfg = Debug|Any CPU
		{0A36E7E6-20B1-44C2-AC7F-BF06DF710987}.Debug|x64.Build.0 = Debug|Any CPU
		{0A36E7E6-20B1-44C2-AC7F-BF06DF710987}.Debug|x64.Deploy.0 = Debug|Any CPU
		{0A36E7E6-20B1-44C2-AC7F-BF06DF710987}.Debug|x86.ActiveCfg = Debug|Any CPU
		{0A36E7E6-20B1-44C2-AC7F-BF06DF710987}.Debug|x86.Build.0 = Debug|Any CPU
		{0A36E7E6-20B1-44C2-AC7F-BF06DF710987}.Debug|x86.Deploy.0 = Debug|Any CPU
		{0A36E7E6-20B1-44C2-AC7F-BF06DF710987}.Release|Any CPU.ActiveCfg = Release|Any CPU
		{0A36E7E6-20B1-44C2-AC7F-BF06DF710987}.Release|Any CPU.Build.0 = Release|Any CPU
		{0A36E7E6-20B1-44C2-AC7F-BF06DF710987}.Release|Any CPU.Deploy.0 = Release|Any CPU
		{0A36E7E6-20B1-44C2-AC7F-BF06DF710987}.Release|ARM.ActiveCfg = Release|Any CPU
		{0A36E7E6-20B1-44C2-AC7F-BF06DF710987}.Release|ARM.Build.0 = Release|Any CPU
		{0A36E7E6-20B1-44C2-AC7F-BF06DF710987}.Release|ARM.Deploy.0 = Release|Any CPU
		{0A36E7E6-20B1-44C2-AC7F-BF06DF710987}.Release|iPhone.ActiveCfg = Release|Any CPU
		{0A36E7E6-20B1-44C2-AC7F-BF06DF710987}.Release|iPhone.Build.0 = Release|Any CPU
		{0A36E7E6-20B1-44C2-AC7F-BF06DF710987}.Release|iPhone.Deploy.0 = Release|Any CPU
		{0A36E7E6-20B1-44C2-AC7F-BF06DF710987}.Release|iPhoneSimulator.ActiveCfg = Release|Any CPU
		{0A36E7E6-20B1-44C2-AC7F-BF06DF710987}.Release|iPhoneSimulator.Build.0 = Release|Any CPU
		{0A36E7E6-20B1-44C2-AC7F-BF06DF710987}.Release|iPhoneSimulator.Deploy.0 = Release|Any CPU
		{0A36E7E6-20B1-44C2-AC7F-BF06DF710987}.Release|x64.ActiveCfg = Release|Any CPU
		{0A36E7E6-20B1-44C2-AC7F-BF06DF710987}.Release|x64.Build.0 = Release|Any CPU
		{0A36E7E6-20B1-44C2-AC7F-BF06DF710987}.Release|x64.Deploy.0 = Release|Any CPU
		{0A36E7E6-20B1-44C2-AC7F-BF06DF710987}.Release|x86.ActiveCfg = Release|Any CPU
		{0A36E7E6-20B1-44C2-AC7F-BF06DF710987}.Release|x86.Build.0 = Release|Any CPU
		{0A36E7E6-20B1-44C2-AC7F-BF06DF710987}.Release|x86.Deploy.0 = Release|Any CPU
		{2BBE619E-17EE-40C7-90E4-440EA6EC2352}.Ad-Hoc|Any CPU.ActiveCfg = Ad-Hoc|iPhone
		{2BBE619E-17EE-40C7-90E4-440EA6EC2352}.Ad-Hoc|ARM.ActiveCfg = Ad-Hoc|iPhone
		{2BBE619E-17EE-40C7-90E4-440EA6EC2352}.Ad-Hoc|iPhone.ActiveCfg = Ad-Hoc|iPhone
		{2BBE619E-17EE-40C7-90E4-440EA6EC2352}.Ad-Hoc|iPhone.Build.0 = Ad-Hoc|iPhone
		{2BBE619E-17EE-40C7-90E4-440EA6EC2352}.Ad-Hoc|iPhoneSimulator.ActiveCfg = Ad-Hoc|iPhoneSimulator
		{2BBE619E-17EE-40C7-90E4-440EA6EC2352}.Ad-Hoc|iPhoneSimulator.Build.0 = Ad-Hoc|iPhoneSimulator
		{2BBE619E-17EE-40C7-90E4-440EA6EC2352}.Ad-Hoc|x64.ActiveCfg = Ad-Hoc|iPhone
		{2BBE619E-17EE-40C7-90E4-440EA6EC2352}.Ad-Hoc|x86.ActiveCfg = Ad-Hoc|iPhone
		{2BBE619E-17EE-40C7-90E4-440EA6EC2352}.AppStore|Any CPU.ActiveCfg = AppStore|iPhone
		{2BBE619E-17EE-40C7-90E4-440EA6EC2352}.AppStore|ARM.ActiveCfg = AppStore|iPhone
		{2BBE619E-17EE-40C7-90E4-440EA6EC2352}.AppStore|iPhone.ActiveCfg = AppStore|iPhone
		{2BBE619E-17EE-40C7-90E4-440EA6EC2352}.AppStore|iPhone.Build.0 = AppStore|iPhone
		{2BBE619E-17EE-40C7-90E4-440EA6EC2352}.AppStore|iPhoneSimulator.ActiveCfg = AppStore|iPhoneSimulator
		{2BBE619E-17EE-40C7-90E4-440EA6EC2352}.AppStore|iPhoneSimulator.Build.0 = AppStore|iPhoneSimulator
		{2BBE619E-17EE-40C7-90E4-440EA6EC2352}.AppStore|x64.ActiveCfg = AppStore|iPhone
		{2BBE619E-17EE-40C7-90E4-440EA6EC2352}.AppStore|x86.ActiveCfg = AppStore|iPhone
		{2BBE619E-17EE-40C7-90E4-440EA6EC2352}.Debug|Any CPU.ActiveCfg = Debug|iPhone
		{2BBE619E-17EE-40C7-90E4-440EA6EC2352}.Debug|ARM.ActiveCfg = Debug|iPhone
		{2BBE619E-17EE-40C7-90E4-440EA6EC2352}.Debug|iPhone.ActiveCfg = Debug|iPhone
		{2BBE619E-17EE-40C7-90E4-440EA6EC2352}.Debug|iPhone.Build.0 = Debug|iPhone
		{2BBE619E-17EE-40C7-90E4-440EA6EC2352}.Debug|iPhoneSimulator.ActiveCfg = Debug|iPhoneSimulator
		{2BBE619E-17EE-40C7-90E4-440EA6EC2352}.Debug|iPhoneSimulator.Build.0 = Debug|iPhoneSimulator
		{2BBE619E-17EE-40C7-90E4-440EA6EC2352}.Debug|x64.ActiveCfg = Debug|iPhone
		{2BBE619E-17EE-40C7-90E4-440EA6EC2352}.Debug|x86.ActiveCfg = Debug|iPhone
		{2BBE619E-17EE-40C7-90E4-440EA6EC2352}.Release|Any CPU.ActiveCfg = Release|iPhone
		{2BBE619E-17EE-40C7-90E4-440EA6EC2352}.Release|ARM.ActiveCfg = Release|iPhone
		{2BBE619E-17EE-40C7-90E4-440EA6EC2352}.Release|iPhone.ActiveCfg = Release|iPhone
		{2BBE619E-17EE-40C7-90E4-440EA6EC2352}.Release|iPhone.Build.0 = Release|iPhone
		{2BBE619E-17EE-40C7-90E4-440EA6EC2352}.Release|iPhoneSimulator.ActiveCfg = Release|iPhoneSimulator
		{2BBE619E-17EE-40C7-90E4-440EA6EC2352}.Release|iPhoneSimulator.Build.0 = Release|iPhoneSimulator
		{2BBE619E-17EE-40C7-90E4-440EA6EC2352}.Release|x64.ActiveCfg = Release|iPhone
		{2BBE619E-17EE-40C7-90E4-440EA6EC2352}.Release|x86.ActiveCfg = Release|iPhone
	EndGlobalSection
	GlobalSection(SolutionProperties) = preSolution
		HideSolutionNode = FALSE
	EndGlobalSection
	GlobalSection(ExtensibilityGlobals) = postSolution
		SolutionGuid = {0838A5D1-F0A4-4398-B107-94F84AD0BFC0}
	EndGlobalSection
EndGlobal
